// !$*UTF8*$!
{
	archiveVersion = 1;
	classes = {
	};
	objectVersion = 55;
	objects = {

/* Begin PBXBuildFile section */
		01021429296D672700044CE3 /* AdmobBannerView.swift in Sources */ = {isa = PBXBuildFile; fileRef = 01021428296D672700044CE3 /* AdmobBannerView.swift */; };
		010CD3BB29529E930038D78C /* RandamMenuView.swift in Sources */ = {isa = PBXBuildFile; fileRef = 010CD3BA29529E930038D78C /* RandamMenuView.swift */; };
		0154FD5D297D2EEC0024178E /* AddPickerView.swift in Sources */ = {isa = PBXBuildFile; fileRef = 0154FD5C297D2EEC0024178E /* AddPickerView.swift */; };
		01783002296E908C000A13AE /* RecipeManageTests.swift in Sources */ = {isa = PBXBuildFile; fileRef = 01783001296E908C000A13AE /* RecipeManageTests.swift */; };
		01C3777229220E0B0078190E /* CalendarView.swift in Sources */ = {isa = PBXBuildFile; fileRef = 01C3777129220E0B0078190E /* CalendarView.swift */; };
		01E9D4E82980C39D00640E74 /* KeyboardObserving in Frameworks */ = {isa = PBXBuildFile; productRef = 01E9D4E72980C39D00640E74 /* KeyboardObserving */; };
		01F6E3B9291A480300C5EAC9 /* RecipeListView.swift in Sources */ = {isa = PBXBuildFile; fileRef = 01F6E3B8291A480300C5EAC9 /* RecipeListView.swift */; };
		01FB079429112076007988DD /* RecipeManageApp.swift in Sources */ = {isa = PBXBuildFile; fileRef = 01FB079329112076007988DD /* RecipeManageApp.swift */; };
		01FB079629112076007988DD /* ContentView.swift in Sources */ = {isa = PBXBuildFile; fileRef = 01FB079529112076007988DD /* ContentView.swift */; };
		01FB079829112079007988DD /* Assets.xcassets in Resources */ = {isa = PBXBuildFile; fileRef = 01FB079729112079007988DD /* Assets.xcassets */; };
		01FB079B29112079007988DD /* Preview Assets.xcassets in Resources */ = {isa = PBXBuildFile; fileRef = 01FB079A29112079007988DD /* Preview Assets.xcassets */; };
		01FB079D29112079007988DD /* Persistence.swift in Sources */ = {isa = PBXBuildFile; fileRef = 01FB079C29112079007988DD /* Persistence.swift */; };
		01FB07A029112079007988DD /* RecipeManage.xcdatamodeld in Sources */ = {isa = PBXBuildFile; fileRef = 01FB079E29112079007988DD /* RecipeManage.xcdatamodeld */; };
		01FB07A829112195007988DD /* RecipeModel.swift in Sources */ = {isa = PBXBuildFile; fileRef = 01FB07A729112195007988DD /* RecipeModel.swift */; };
		01FB07AB29113C11007988DD /* NewDataSheet.swift in Sources */ = {isa = PBXBuildFile; fileRef = 01FB07AA29113C11007988DD /* NewDataSheet.swift */; };
		01FB07AF29113E7F007988DD /* CameraView.swift in Sources */ = {isa = PBXBuildFile; fileRef = 01FB07AE29113E7F007988DD /* CameraView.swift */; };
		540D34AD0EFA78EC99DC80AC /* Pods_RecipeManage.framework in Frameworks */ = {isa = PBXBuildFile; fileRef = 66D4FAA06DA0784F32067C9A /* Pods_RecipeManage.framework */; };
/* End PBXBuildFile section */

/* Begin PBXContainerItemProxy section */
		01783003296E908C000A13AE /* PBXContainerItemProxy */ = {
			isa = PBXContainerItemProxy;
			containerPortal = 01FB078829112076007988DD /* Project object */;
			proxyType = 1;
			remoteGlobalIDString = 01FB078F29112076007988DD;
			remoteInfo = RecipeManage;
		};
/* End PBXContainerItemProxy section */

/* Begin PBXFileReference section */
		01021427296D655200044CE3 /* Info.plist */ = {isa = PBXFileReference; lastKnownFileType = text.plist; path = Info.plist; sourceTree = "<group>"; };
		01021428296D672700044CE3 /* AdmobBannerView.swift */ = {isa = PBXFileReference; lastKnownFileType = sourcecode.swift; path = AdmobBannerView.swift; sourceTree = "<group>"; };
		010CD3BA29529E930038D78C /* RandamMenuView.swift */ = {isa = PBXFileReference; lastKnownFileType = sourcecode.swift; path = RandamMenuView.swift; sourceTree = "<group>"; };
		0154FD5C297D2EEC0024178E /* AddPickerView.swift */ = {isa = PBXFileReference; lastKnownFileType = sourcecode.swift; path = AddPickerView.swift; sourceTree = "<group>"; };
		01782FFF296E908C000A13AE /* RecipeManageTests.xctest */ = {isa = PBXFileReference; explicitFileType = wrapper.cfbundle; includeInIndex = 0; path = RecipeManageTests.xctest; sourceTree = BUILT_PRODUCTS_DIR; };
		01783001296E908C000A13AE /* RecipeManageTests.swift */ = {isa = PBXFileReference; lastKnownFileType = sourcecode.swift; path = RecipeManageTests.swift; sourceTree = "<group>"; };
		01C3777129220E0B0078190E /* CalendarView.swift */ = {isa = PBXFileReference; lastKnownFileType = sourcecode.swift; path = CalendarView.swift; sourceTree = "<group>"; };
		01F6E3B8291A480300C5EAC9 /* RecipeListView.swift */ = {isa = PBXFileReference; lastKnownFileType = sourcecode.swift; path = RecipeListView.swift; sourceTree = "<group>"; };
		01FB079029112076007988DD /* RecipeManage.app */ = {isa = PBXFileReference; explicitFileType = wrapper.application; includeInIndex = 0; path = RecipeManage.app; sourceTree = BUILT_PRODUCTS_DIR; };
		01FB079329112076007988DD /* RecipeManageApp.swift */ = {isa = PBXFileReference; lastKnownFileType = sourcecode.swift; path = RecipeManageApp.swift; sourceTree = "<group>"; };
		01FB079529112076007988DD /* ContentView.swift */ = {isa = PBXFileReference; lastKnownFileType = sourcecode.swift; path = ContentView.swift; sourceTree = "<group>"; };
		01FB079729112079007988DD /* Assets.xcassets */ = {isa = PBXFileReference; lastKnownFileType = folder.assetcatalog; path = Assets.xcassets; sourceTree = "<group>"; };
		01FB079A29112079007988DD /* Preview Assets.xcassets */ = {isa = PBXFileReference; lastKnownFileType = folder.assetcatalog; path = "Preview Assets.xcassets"; sourceTree = "<group>"; };
		01FB079C29112079007988DD /* Persistence.swift */ = {isa = PBXFileReference; lastKnownFileType = sourcecode.swift; path = Persistence.swift; sourceTree = "<group>"; };
		01FB079F29112079007988DD /* RecipeManage.xcdatamodel */ = {isa = PBXFileReference; lastKnownFileType = wrapper.xcdatamodel; path = RecipeManage.xcdatamodel; sourceTree = "<group>"; };
		01FB07A729112195007988DD /* RecipeModel.swift */ = {isa = PBXFileReference; lastKnownFileType = sourcecode.swift; path = RecipeModel.swift; sourceTree = "<group>"; };
		01FB07AA29113C11007988DD /* NewDataSheet.swift */ = {isa = PBXFileReference; lastKnownFileType = sourcecode.swift; path = NewDataSheet.swift; sourceTree = "<group>"; };
		01FB07AE29113E7F007988DD /* CameraView.swift */ = {isa = PBXFileReference; lastKnownFileType = sourcecode.swift; path = CameraView.swift; sourceTree = "<group>"; };
		08F74DB86CB4B3000CEEC11A /* Pods-RecipeManage.release.xcconfig */ = {isa = PBXFileReference; includeInIndex = 1; lastKnownFileType = text.xcconfig; name = "Pods-RecipeManage.release.xcconfig"; path = "Target Support Files/Pods-RecipeManage/Pods-RecipeManage.release.xcconfig"; sourceTree = "<group>"; };
		5B46F4DCBBD33D863AFEFA52 /* Pods-RecipeManage.debug.xcconfig */ = {isa = PBXFileReference; includeInIndex = 1; lastKnownFileType = text.xcconfig; name = "Pods-RecipeManage.debug.xcconfig"; path = "Target Support Files/Pods-RecipeManage/Pods-RecipeManage.debug.xcconfig"; sourceTree = "<group>"; };
		66D4FAA06DA0784F32067C9A /* Pods_RecipeManage.framework */ = {isa = PBXFileReference; explicitFileType = wrapper.framework; includeInIndex = 0; path = Pods_RecipeManage.framework; sourceTree = BUILT_PRODUCTS_DIR; };
/* End PBXFileReference section */

/* Begin PBXFrameworksBuildPhase section */
		01782FFC296E908C000A13AE /* Frameworks */ = {
			isa = PBXFrameworksBuildPhase;
			buildActionMask = 2147483647;
			files = (
			);
			runOnlyForDeploymentPostprocessing = 0;
		};
		01FB078D29112076007988DD /* Frameworks */ = {
			isa = PBXFrameworksBuildPhase;
			buildActionMask = 2147483647;
			files = (
				540D34AD0EFA78EC99DC80AC /* Pods_RecipeManage.framework in Frameworks */,
				01E9D4E82980C39D00640E74 /* KeyboardObserving in Frameworks */,
			);
			runOnlyForDeploymentPostprocessing = 0;
		};
/* End PBXFrameworksBuildPhase section */

/* Begin PBXGroup section */
		01783000296E908C000A13AE /* RecipeManageTests */ = {
			isa = PBXGroup;
			children = (
				01783001296E908C000A13AE /* RecipeManageTests.swift */,
			);
			path = RecipeManageTests;
			sourceTree = "<group>";
		};
		01FB078729112076007988DD = {
			isa = PBXGroup;
			children = (
				01FB079229112076007988DD /* RecipeManage */,
				01783000296E908C000A13AE /* RecipeManageTests */,
				01FB079129112076007988DD /* Products */,
				899F4942CC52A383D916D93C /* Pods */,
				5D29ABFA275643D3897F54B9 /* Frameworks */,
			);
			sourceTree = "<group>";
		};
		01FB079129112076007988DD /* Products */ = {
			isa = PBXGroup;
			children = (
				01FB079029112076007988DD /* RecipeManage.app */,
				01782FFF296E908C000A13AE /* RecipeManageTests.xctest */,
			);
			name = Products;
			sourceTree = "<group>";
		};
		01FB079229112076007988DD /* RecipeManage */ = {
			isa = PBXGroup;
			children = (
				01021427296D655200044CE3 /* Info.plist */,
				01FB07A929113BFC007988DD /* View */,
				01FB07A62911215D007988DD /* ViewModel */,
				01FB079329112076007988DD /* RecipeManageApp.swift */,
				01FB079729112079007988DD /* Assets.xcassets */,
				01FB079C29112079007988DD /* Persistence.swift */,
				01FB079E29112079007988DD /* RecipeManage.xcdatamodeld */,
				01FB079929112079007988DD /* Preview Content */,
			);
			path = RecipeManage;
			sourceTree = "<group>";
		};
		01FB079929112079007988DD /* Preview Content */ = {
			isa = PBXGroup;
			children = (
				01FB079A29112079007988DD /* Preview Assets.xcassets */,
			);
			path = "Preview Content";
			sourceTree = "<group>";
		};
		01FB07A62911215D007988DD /* ViewModel */ = {
			isa = PBXGroup;
			children = (
				01FB07A729112195007988DD /* RecipeModel.swift */,
			);
			path = ViewModel;
			sourceTree = "<group>";
		};
		01FB07A929113BFC007988DD /* View */ = {
			isa = PBXGroup;
			children = (
				01FB079529112076007988DD /* ContentView.swift */,
				01FB07AA29113C11007988DD /* NewDataSheet.swift */,
				01FB07AE29113E7F007988DD /* CameraView.swift */,
				01F6E3B8291A480300C5EAC9 /* RecipeListView.swift */,
				01C3777129220E0B0078190E /* CalendarView.swift */,
				010CD3BA29529E930038D78C /* RandamMenuView.swift */,
				01021428296D672700044CE3 /* AdmobBannerView.swift */,
				0154FD5C297D2EEC0024178E /* AddPickerView.swift */,
			);
			path = View;
			sourceTree = "<group>";
		};
		5D29ABFA275643D3897F54B9 /* Frameworks */ = {
			isa = PBXGroup;
			children = (
				66D4FAA06DA0784F32067C9A /* Pods_RecipeManage.framework */,
			);
			name = Frameworks;
			sourceTree = "<group>";
		};
		899F4942CC52A383D916D93C /* Pods */ = {
			isa = PBXGroup;
			children = (
				5B46F4DCBBD33D863AFEFA52 /* Pods-RecipeManage.debug.xcconfig */,
				08F74DB86CB4B3000CEEC11A /* Pods-RecipeManage.release.xcconfig */,
			);
			path = Pods;
			sourceTree = "<group>";
		};
/* End PBXGroup section */

/* Begin PBXNativeTarget section */
		01782FFE296E908C000A13AE /* RecipeManageTests */ = {
			isa = PBXNativeTarget;
			buildConfigurationList = 01783005296E908C000A13AE /* Build configuration list for PBXNativeTarget "RecipeManageTests" */;
			buildPhases = (
				01782FFB296E908C000A13AE /* Sources */,
				01782FFC296E908C000A13AE /* Frameworks */,
				01782FFD296E908C000A13AE /* Resources */,
			);
			buildRules = (
			);
			dependencies = (
				01783004296E908C000A13AE /* PBXTargetDependency */,
			);
			name = RecipeManageTests;
			productName = RecipeManageTests;
			productReference = 01782FFF296E908C000A13AE /* RecipeManageTests.xctest */;
			productType = "com.apple.product-type.bundle.unit-test";
		};
		01FB078F29112076007988DD /* RecipeManage */ = {
			isa = PBXNativeTarget;
			buildConfigurationList = 01FB07A329112079007988DD /* Build configuration list for PBXNativeTarget "RecipeManage" */;
			buildPhases = (
				862899830F5151987FD53663 /* [CP] Check Pods Manifest.lock */,
				01FB078C29112076007988DD /* Sources */,
				01FB078D29112076007988DD /* Frameworks */,
				01FB078E29112076007988DD /* Resources */,
				8F8D1A59542C764FF42E9C31 /* [CP] Embed Pods Frameworks */,
			);
			buildRules = (
			);
			dependencies = (
			);
			name = RecipeManage;
			packageProductDependencies = (
				01E9D4E72980C39D00640E74 /* KeyboardObserving */,
			);
			productName = RecipeManage;
			productReference = 01FB079029112076007988DD /* RecipeManage.app */;
			productType = "com.apple.product-type.application";
		};
/* End PBXNativeTarget section */

/* Begin PBXProject section */
		01FB078829112076007988DD /* Project object */ = {
			isa = PBXProject;
			attributes = {
				BuildIndependentTargetsInParallel = 1;
				LastSwiftUpdateCheck = 1420;
				LastUpgradeCheck = 1340;
				TargetAttributes = {
					01782FFE296E908C000A13AE = {
						CreatedOnToolsVersion = 14.2;
						TestTargetID = 01FB078F29112076007988DD;
					};
					01FB078F29112076007988DD = {
						CreatedOnToolsVersion = 13.4.1;
					};
				};
			};
			buildConfigurationList = 01FB078B29112076007988DD /* Build configuration list for PBXProject "RecipeManage" */;
			compatibilityVersion = "Xcode 13.0";
			developmentRegion = en;
			hasScannedForEncodings = 0;
			knownRegions = (
				en,
				Base,
			);
			mainGroup = 01FB078729112076007988DD;
			packageReferences = (
				01E9D4E62980C39D00640E74 /* XCRemoteSwiftPackageReference "KeyboardObserving" */,
			);
			productRefGroup = 01FB079129112076007988DD /* Products */;
			projectDirPath = "";
			projectRoot = "";
			targets = (
				01FB078F29112076007988DD /* RecipeManage */,
				01782FFE296E908C000A13AE /* RecipeManageTests */,
			);
		};
/* End PBXProject section */

/* Begin PBXResourcesBuildPhase section */
		01782FFD296E908C000A13AE /* Resources */ = {
			isa = PBXResourcesBuildPhase;
			buildActionMask = 2147483647;
			files = (
			);
			runOnlyForDeploymentPostprocessing = 0;
		};
		01FB078E29112076007988DD /* Resources */ = {
			isa = PBXResourcesBuildPhase;
			buildActionMask = 2147483647;
			files = (
				01FB079B29112079007988DD /* Preview Assets.xcassets in Resources */,
				01FB079829112079007988DD /* Assets.xcassets in Resources */,
			);
			runOnlyForDeploymentPostprocessing = 0;
		};
/* End PBXResourcesBuildPhase section */

/* Begin PBXShellScriptBuildPhase section */
		862899830F5151987FD53663 /* [CP] Check Pods Manifest.lock */ = {
			isa = PBXShellScriptBuildPhase;
			buildActionMask = 2147483647;
			files = (
			);
			inputFileListPaths = (
			);
			inputPaths = (
				"${PODS_PODFILE_DIR_PATH}/Podfile.lock",
				"${PODS_ROOT}/Manifest.lock",
			);
			name = "[CP] Check Pods Manifest.lock";
			outputFileListPaths = (
			);
			outputPaths = (
				"$(DERIVED_FILE_DIR)/Pods-RecipeManage-checkManifestLockResult.txt",
			);
			runOnlyForDeploymentPostprocessing = 0;
			shellPath = /bin/sh;
			shellScript = "diff \"${PODS_PODFILE_DIR_PATH}/Podfile.lock\" \"${PODS_ROOT}/Manifest.lock\" > /dev/null\nif [ $? != 0 ] ; then\n    # print error to STDERR\n    echo \"error: The sandbox is not in sync with the Podfile.lock. Run 'pod install' or update your CocoaPods installation.\" >&2\n    exit 1\nfi\n# This output is used by Xcode 'outputs' to avoid re-running this script phase.\necho \"SUCCESS\" > \"${SCRIPT_OUTPUT_FILE_0}\"\n";
			showEnvVarsInLog = 0;
		};
		8F8D1A59542C764FF42E9C31 /* [CP] Embed Pods Frameworks */ = {
			isa = PBXShellScriptBuildPhase;
			buildActionMask = 2147483647;
			files = (
			);
			inputFileListPaths = (
				"${PODS_ROOT}/Target Support Files/Pods-RecipeManage/Pods-RecipeManage-frameworks-${CONFIGURATION}-input-files.xcfilelist",
			);
			name = "[CP] Embed Pods Frameworks";
			outputFileListPaths = (
				"${PODS_ROOT}/Target Support Files/Pods-RecipeManage/Pods-RecipeManage-frameworks-${CONFIGURATION}-output-files.xcfilelist",
			);
			runOnlyForDeploymentPostprocessing = 0;
			shellPath = /bin/sh;
			shellScript = "\"${PODS_ROOT}/Target Support Files/Pods-RecipeManage/Pods-RecipeManage-frameworks.sh\"\n";
			showEnvVarsInLog = 0;
		};
/* End PBXShellScriptBuildPhase section */

/* Begin PBXSourcesBuildPhase section */
		01782FFB296E908C000A13AE /* Sources */ = {
			isa = PBXSourcesBuildPhase;
			buildActionMask = 2147483647;
			files = (
				01783002296E908C000A13AE /* RecipeManageTests.swift in Sources */,
			);
			runOnlyForDeploymentPostprocessing = 0;
		};
		01FB078C29112076007988DD /* Sources */ = {
			isa = PBXSourcesBuildPhase;
			buildActionMask = 2147483647;
			files = (
				01C3777229220E0B0078190E /* CalendarView.swift in Sources */,
				01FB079D29112079007988DD /* Persistence.swift in Sources */,
				01FB079629112076007988DD /* ContentView.swift in Sources */,
				01FB07AB29113C11007988DD /* NewDataSheet.swift in Sources */,
				01FB07A829112195007988DD /* RecipeModel.swift in Sources */,
				01FB07A029112079007988DD /* RecipeManage.xcdatamodeld in Sources */,
				01F6E3B9291A480300C5EAC9 /* RecipeListView.swift in Sources */,
				01021429296D672700044CE3 /* AdmobBannerView.swift in Sources */,
				0154FD5D297D2EEC0024178E /* AddPickerView.swift in Sources */,
				01FB079429112076007988DD /* RecipeManageApp.swift in Sources */,
				01FB07AF29113E7F007988DD /* CameraView.swift in Sources */,
				010CD3BB29529E930038D78C /* RandamMenuView.swift in Sources */,
			);
			runOnlyForDeploymentPostprocessing = 0;
		};
/* End PBXSourcesBuildPhase section */

/* Begin PBXTargetDependency section */
		01783004296E908C000A13AE /* PBXTargetDependency */ = {
			isa = PBXTargetDependency;
			target = 01FB078F29112076007988DD /* RecipeManage */;
			targetProxy = 01783003296E908C000A13AE /* PBXContainerItemProxy */;
		};
/* End PBXTargetDependency section */

/* Begin XCBuildConfiguration section */
		01783006296E908C000A13AE /* Debug */ = {
			isa = XCBuildConfiguration;
			buildSettings = {
				BUNDLE_LOADER = "$(TEST_HOST)";
				CLANG_CXX_LANGUAGE_STANDARD = "gnu++20";
				CODE_SIGN_STYLE = Automatic;
				CURRENT_PROJECT_VERSION = 1;
				DEVELOPMENT_TEAM = 4H5X69X66X;
				GENERATE_INFOPLIST_FILE = YES;
				IPHONEOS_DEPLOYMENT_TARGET = 16.2;
				MARKETING_VERSION = 1.0;
				PRODUCT_BUNDLE_IDENTIFIER = "com.takumi-pac.RecipeManageTests";
				PRODUCT_NAME = "$(TARGET_NAME)";
				SWIFT_EMIT_LOC_STRINGS = NO;
				SWIFT_VERSION = 5.0;
				TARGETED_DEVICE_FAMILY = "1,2";
				TEST_HOST = "$(BUILT_PRODUCTS_DIR)/RecipeManage.app/$(BUNDLE_EXECUTABLE_FOLDER_PATH)/RecipeManage";
			};
			name = Debug;
		};
		01783007296E908C000A13AE /* Release */ = {
			isa = XCBuildConfiguration;
			buildSettings = {
				BUNDLE_LOADER = "$(TEST_HOST)";
				CLANG_CXX_LANGUAGE_STANDARD = "gnu++20";
				CODE_SIGN_STYLE = Automatic;
				CURRENT_PROJECT_VERSION = 1;
				DEVELOPMENT_TEAM = 4H5X69X66X;
				GENERATE_INFOPLIST_FILE = YES;
				IPHONEOS_DEPLOYMENT_TARGET = 16.2;
				MARKETING_VERSION = 1.0;
				PRODUCT_BUNDLE_IDENTIFIER = "com.takumi-pac.RecipeManageTests";
				PRODUCT_NAME = "$(TARGET_NAME)";
				SWIFT_EMIT_LOC_STRINGS = NO;
				SWIFT_VERSION = 5.0;
				TARGETED_DEVICE_FAMILY = "1,2";
				TEST_HOST = "$(BUILT_PRODUCTS_DIR)/RecipeManage.app/$(BUNDLE_EXECUTABLE_FOLDER_PATH)/RecipeManage";
			};
			name = Release;
		};
		01FB07A129112079007988DD /* Debug */ = {
			isa = XCBuildConfiguration;
			buildSettings = {
				ALWAYS_SEARCH_USER_PATHS = NO;
				CLANG_ANALYZER_NONNULL = YES;
				CLANG_ANALYZER_NUMBER_OBJECT_CONVERSION = YES_AGGRESSIVE;
				CLANG_CXX_LANGUAGE_STANDARD = "gnu++17";
				CLANG_ENABLE_MODULES = YES;
				CLANG_ENABLE_OBJC_ARC = YES;
				CLANG_ENABLE_OBJC_WEAK = YES;
				CLANG_WARN_BLOCK_CAPTURE_AUTORELEASING = YES;
				CLANG_WARN_BOOL_CONVERSION = YES;
				CLANG_WARN_COMMA = YES;
				CLANG_WARN_CONSTANT_CONVERSION = YES;
				CLANG_WARN_DEPRECATED_OBJC_IMPLEMENTATIONS = YES;
				CLANG_WARN_DIRECT_OBJC_ISA_USAGE = YES_ERROR;
				CLANG_WARN_DOCUMENTATION_COMMENTS = YES;
				CLANG_WARN_EMPTY_BODY = YES;
				CLANG_WARN_ENUM_CONVERSION = YES;
				CLANG_WARN_INFINITE_RECURSION = YES;
				CLANG_WARN_INT_CONVERSION = YES;
				CLANG_WARN_NON_LITERAL_NULL_CONVERSION = YES;
				CLANG_WARN_OBJC_IMPLICIT_RETAIN_SELF = YES;
				CLANG_WARN_OBJC_LITERAL_CONVERSION = YES;
				CLANG_WARN_OBJC_ROOT_CLASS = YES_ERROR;
				CLANG_WARN_QUOTED_INCLUDE_IN_FRAMEWORK_HEADER = YES;
				CLANG_WARN_RANGE_LOOP_ANALYSIS = YES;
				CLANG_WARN_STRICT_PROTOTYPES = YES;
				CLANG_WARN_SUSPICIOUS_MOVE = YES;
				CLANG_WARN_UNGUARDED_AVAILABILITY = YES_AGGRESSIVE;
				CLANG_WARN_UNREACHABLE_CODE = YES;
				CLANG_WARN__DUPLICATE_METHOD_MATCH = YES;
				COPY_PHASE_STRIP = NO;
				DEBUG_INFORMATION_FORMAT = dwarf;
				ENABLE_STRICT_OBJC_MSGSEND = YES;
				ENABLE_TESTABILITY = YES;
				GCC_C_LANGUAGE_STANDARD = gnu11;
				GCC_DYNAMIC_NO_PIC = NO;
				GCC_NO_COMMON_BLOCKS = YES;
				GCC_OPTIMIZATION_LEVEL = 0;
				GCC_PREPROCESSOR_DEFINITIONS = (
					"DEBUG=1",
					"$(inherited)",
				);
				GCC_WARN_64_TO_32_BIT_CONVERSION = YES;
				GCC_WARN_ABOUT_RETURN_TYPE = YES_ERROR;
				GCC_WARN_UNDECLARED_SELECTOR = YES;
				GCC_WARN_UNINITIALIZED_AUTOS = YES_AGGRESSIVE;
				GCC_WARN_UNUSED_FUNCTION = YES;
				GCC_WARN_UNUSED_VARIABLE = YES;
				IPHONEOS_DEPLOYMENT_TARGET = 16.2;
				MTL_ENABLE_DEBUG_INFO = INCLUDE_SOURCE;
				MTL_FAST_MATH = YES;
				ONLY_ACTIVE_ARCH = YES;
				SDKROOT = iphoneos;
				SWIFT_ACTIVE_COMPILATION_CONDITIONS = DEBUG;
				SWIFT_OPTIMIZATION_LEVEL = "-Onone";
			};
			name = Debug;
		};
		01FB07A229112079007988DD /* Release */ = {
			isa = XCBuildConfiguration;
			buildSettings = {
				ALWAYS_SEARCH_USER_PATHS = NO;
				CLANG_ANALYZER_NONNULL = YES;
				CLANG_ANALYZER_NUMBER_OBJECT_CONVERSION = YES_AGGRESSIVE;
				CLANG_CXX_LANGUAGE_STANDARD = "gnu++17";
				CLANG_ENABLE_MODULES = YES;
				CLANG_ENABLE_OBJC_ARC = YES;
				CLANG_ENABLE_OBJC_WEAK = YES;
				CLANG_WARN_BLOCK_CAPTURE_AUTORELEASING = YES;
				CLANG_WARN_BOOL_CONVERSION = YES;
				CLANG_WARN_COMMA = YES;
				CLANG_WARN_CONSTANT_CONVERSION = YES;
				CLANG_WARN_DEPRECATED_OBJC_IMPLEMENTATIONS = YES;
				CLANG_WARN_DIRECT_OBJC_ISA_USAGE = YES_ERROR;
				CLANG_WARN_DOCUMENTATION_COMMENTS = YES;
				CLANG_WARN_EMPTY_BODY = YES;
				CLANG_WARN_ENUM_CONVERSION = YES;
				CLANG_WARN_INFINITE_RECURSION = YES;
				CLANG_WARN_INT_CONVERSION = YES;
				CLANG_WARN_NON_LITERAL_NULL_CONVERSION = YES;
				CLANG_WARN_OBJC_IMPLICIT_RETAIN_SELF = YES;
				CLANG_WARN_OBJC_LITERAL_CONVERSION = YES;
				CLANG_WARN_OBJC_ROOT_CLASS = YES_ERROR;
				CLANG_WARN_QUOTED_INCLUDE_IN_FRAMEWORK_HEADER = YES;
				CLANG_WARN_RANGE_LOOP_ANALYSIS = YES;
				CLANG_WARN_STRICT_PROTOTYPES = YES;
				CLANG_WARN_SUSPICIOUS_MOVE = YES;
				CLANG_WARN_UNGUARDED_AVAILABILITY = YES_AGGRESSIVE;
				CLANG_WARN_UNREACHABLE_CODE = YES;
				CLANG_WARN__DUPLICATE_METHOD_MATCH = YES;
				COPY_PHASE_STRIP = NO;
				DEBUG_INFORMATION_FORMAT = "dwarf-with-dsym";
				ENABLE_NS_ASSERTIONS = NO;
				ENABLE_STRICT_OBJC_MSGSEND = YES;
				GCC_C_LANGUAGE_STANDARD = gnu11;
				GCC_NO_COMMON_BLOCKS = YES;
				GCC_WARN_64_TO_32_BIT_CONVERSION = YES;
				GCC_WARN_ABOUT_RETURN_TYPE = YES_ERROR;
				GCC_WARN_UNDECLARED_SELECTOR = YES;
				GCC_WARN_UNINITIALIZED_AUTOS = YES_AGGRESSIVE;
				GCC_WARN_UNUSED_FUNCTION = YES;
				GCC_WARN_UNUSED_VARIABLE = YES;
				IPHONEOS_DEPLOYMENT_TARGET = 16.2;
				MTL_ENABLE_DEBUG_INFO = NO;
				MTL_FAST_MATH = YES;
				SDKROOT = iphoneos;
				SWIFT_COMPILATION_MODE = wholemodule;
				SWIFT_OPTIMIZATION_LEVEL = "-O";
				VALIDATE_PRODUCT = YES;
			};
			name = Release;
		};
		01FB07A429112079007988DD /* Debug */ = {
			isa = XCBuildConfiguration;
			baseConfigurationReference = 5B46F4DCBBD33D863AFEFA52 /* Pods-RecipeManage.debug.xcconfig */;
			buildSettings = {
				ASSETCATALOG_COMPILER_APPICON_NAME = AppIcon;
				ASSETCATALOG_COMPILER_GLOBAL_ACCENT_COLOR_NAME = AccentColor;
				CODE_SIGN_STYLE = Automatic;
				CURRENT_PROJECT_VERSION = 7;
				DEVELOPMENT_ASSET_PATHS = "\"RecipeManage/Preview Content\"";
				DEVELOPMENT_TEAM = 4H5X69X66X;
				ENABLE_PREVIEWS = YES;
				GENERATE_INFOPLIST_FILE = YES;
				INFOPLIST_FILE = RecipeManage/Info.plist;
				INFOPLIST_KEY_NSCameraUsageDescription = "料理の写真を撮るために許可が必要です。";
				INFOPLIST_KEY_NSPhotoLibraryUsageDescription = "アルバムから写真を選択するために許可が必要です。";
				INFOPLIST_KEY_UIApplicationSceneManifest_Generation = YES;
				INFOPLIST_KEY_UIApplicationSupportsIndirectInputEvents = YES;
				INFOPLIST_KEY_UIStatusBarStyle = "";
				INFOPLIST_KEY_UISupportedInterfaceOrientations = UIInterfaceOrientationPortrait;
				INFOPLIST_KEY_UIUserInterfaceStyle = Light;
				IPHONEOS_DEPLOYMENT_TARGET = 16.0;
				LD_RUNPATH_SEARCH_PATHS = (
					"$(inherited)",
					"@executable_path/Frameworks",
				);
				MARKETING_VERSION = 2.04;
				PRODUCT_BUNDLE_IDENTIFIER = "com.takumi-pac.RecipeManage";
				PRODUCT_NAME = "$(TARGET_NAME)";
				SUPPORTED_PLATFORMS = "iphoneos iphonesimulator";
				SUPPORTS_MACCATALYST = NO;
				SUPPORTS_MAC_DESIGNED_FOR_IPHONE_IPAD = NO;
				SWIFT_EMIT_LOC_STRINGS = YES;
				SWIFT_VERSION = 5.0;
				TARGETED_DEVICE_FAMILY = 1;
			};
			name = Debug;
		};
		01FB07A529112079007988DD /* Release */ = {
			isa = XCBuildConfiguration;
			baseConfigurationReference = 08F74DB86CB4B3000CEEC11A /* Pods-RecipeManage.release.xcconfig */;
			buildSettings = {
				ASSETCATALOG_COMPILER_APPICON_NAME = AppIcon;
				ASSETCATALOG_COMPILER_GLOBAL_ACCENT_COLOR_NAME = AccentColor;
				CODE_SIGN_STYLE = Automatic;
				CURRENT_PROJECT_VERSION = 7;
				DEVELOPMENT_ASSET_PATHS = "\"RecipeManage/Preview Content\"";
				DEVELOPMENT_TEAM = 4H5X69X66X;
				ENABLE_PREVIEWS = YES;
				GENERATE_INFOPLIST_FILE = YES;
				INFOPLIST_FILE = RecipeManage/Info.plist;
				INFOPLIST_KEY_NSCameraUsageDescription = "料理の写真を撮るために許可が必要です。";
				INFOPLIST_KEY_NSPhotoLibraryUsageDescription = "アルバムから写真を選択するために許可が必要です。";
				INFOPLIST_KEY_UIApplicationSceneManifest_Generation = YES;
				INFOPLIST_KEY_UIApplicationSupportsIndirectInputEvents = YES;
				INFOPLIST_KEY_UIStatusBarStyle = "";
				INFOPLIST_KEY_UISupportedInterfaceOrientations = UIInterfaceOrientationPortrait;
				INFOPLIST_KEY_UIUserInterfaceStyle = Light;
				IPHONEOS_DEPLOYMENT_TARGET = 16.0;
				LD_RUNPATH_SEARCH_PATHS = (
					"$(inherited)",
					"@executable_path/Frameworks",
				);
				MARKETING_VERSION = 2.04;
				PRODUCT_BUNDLE_IDENTIFIER = "com.takumi-pac.RecipeManage";
				PRODUCT_NAME = "$(TARGET_NAME)";
				SUPPORTED_PLATFORMS = "iphoneos iphonesimulator";
				SUPPORTS_MACCATALYST = NO;
				SUPPORTS_MAC_DESIGNED_FOR_IPHONE_IPAD = NO;
				SWIFT_EMIT_LOC_STRINGS = YES;
				SWIFT_VERSION = 5.0;
				TARGETED_DEVICE_FAMILY = 1;
			};
			name = Release;
		};
/* End XCBuildConfiguration section */

/* Begin XCConfigurationList section */
		01783005296E908C000A13AE /* Build configuration list for PBXNativeTarget "RecipeManageTests" */ = {
			isa = XCConfigurationList;
			buildConfigurations = (
				01783006296E908C000A13AE /* Debug */,
				01783007296E908C000A13AE /* Release */,
			);
			defaultConfigurationIsVisible = 0;
			defaultConfigurationName = Release;
		};
		01FB078B29112076007988DD /* Build configuration list for PBXProject "RecipeManage" */ = {
			isa = XCConfigurationList;
			buildConfigurations = (
				01FB07A129112079007988DD /* Debug */,
				01FB07A229112079007988DD /* Release */,
			);
			defaultConfigurationIsVisible = 0;
			defaultConfigurationName = Release;
		};
		01FB07A329112079007988DD /* Build configuration list for PBXNativeTarget "RecipeManage" */ = {
			isa = XCConfigurationList;
			buildConfigurations = (
				01FB07A429112079007988DD /* Debug */,
				01FB07A529112079007988DD /* Release */,
			);
			defaultConfigurationIsVisible = 0;
			defaultConfigurationName = Release;
		};
/* End XCConfigurationList section */

/* Begin XCRemoteSwiftPackageReference section */
		01E9D4E62980C39D00640E74 /* XCRemoteSwiftPackageReference "KeyboardObserving" */ = {
			isa = XCRemoteSwiftPackageReference;
			repositoryURL = "https://github.com/nickffox/KeyboardObserving";
			requirement = {
				branch = master;
				kind = branch;
			};
		};
/* End XCRemoteSwiftPackageReference section */

/* Begin XCSwiftPackageProductDependency section */
		01E9D4E72980C39D00640E74 /* KeyboardObserving */ = {
			isa = XCSwiftPackageProductDependency;
			package = 01E9D4E62980C39D00640E74 /* XCRemoteSwiftPackageReference "KeyboardObserving" */;
			productName = KeyboardObserving;
		};
/* End XCSwiftPackageProductDependency section */

/* Begin XCVersionGroup section */
		01FB079E29112079007988DD /* RecipeManage.xcdatamodeld */ = {
			isa = XCVersionGroup;
			children = (
				01FB079F29112079007988DD /* RecipeManage.xcdatamodel */,
			);
			currentVersion = 01FB079F29112079007988DD /* RecipeManage.xcdatamodel */;
			path = RecipeManage.xcdatamodeld;
			sourceTree = "<group>";
			versionGroupType = wrapper.xcdatamodel;
		};
/* End XCVersionGroup section */
	};
	rootObject = 01FB078829112076007988DD /* Project object */;
}
